// !$*UTF8*$!
{
	archiveVersion = 1;
	classes = {
	};
	objectVersion = 46;
	objects = {

/* Begin PBXBuildFile section */
		6C645F1C1FD934F80034A5AC /* main.m in Sources */ = {isa = PBXBuildFile; fileRef = 6C645F1B1FD934F80034A5AC /* main.m */; };
		6C645F1F1FD934F80034A5AC /* AppDelegate.m in Sources */ = {isa = PBXBuildFile; fileRef = 6C645F1E1FD934F80034A5AC /* AppDelegate.m */; };
		6C645F221FD934F80034A5AC /* ViewController.m in Sources */ = {isa = PBXBuildFile; fileRef = 6C645F211FD934F80034A5AC /* ViewController.m */; };
		6C645F251FD934F80034A5AC /* Main.storyboard in Resources */ = {isa = PBXBuildFile; fileRef = 6C645F231FD934F80034A5AC /* Main.storyboard */; };
		6C645F271FD934F80034A5AC /* Assets.xcassets in Resources */ = {isa = PBXBuildFile; fileRef = 6C645F261FD934F80034A5AC /* Assets.xcassets */; };
		6C645F2A1FD934F80034A5AC /* LaunchScreen.storyboard in Resources */ = {isa = PBXBuildFile; fileRef = 6C645F281FD934F80034A5AC /* LaunchScreen.storyboard */; };
		6C645F351FD934F80034A5AC /* LMLayoutTests.m in Sources */ = {isa = PBXBuildFile; fileRef = 6C645F341FD934F80034A5AC /* LMLayoutTests.m */; };
		6C645F401FD934F80034A5AC /* LMLayoutUITests.m in Sources */ = {isa = PBXBuildFile; fileRef = 6C645F3F1FD934F80034A5AC /* LMLayoutUITests.m */; };
		6CDF62EA1FDA69E500A8ECB4 /* LMLayout.m in Sources */ = {isa = PBXBuildFile; fileRef = 6CDF62E71FDA69E500A8ECB4 /* LMLayout.m */; };
		6CDF62EB1FDA69E500A8ECB4 /* UIView+layout.m in Sources */ = {isa = PBXBuildFile; fileRef = 6CDF62E91FDA69E500A8ECB4 /* UIView+layout.m */; };
/* End PBXBuildFile section */

/* Begin PBXContainerItemProxy section */
		6C645F311FD934F80034A5AC /* PBXContainerItemProxy */ = {
			isa = PBXContainerItemProxy;
			containerPortal = 6C645F0F1FD934F80034A5AC /* Project object */;
			proxyType = 1;
			remoteGlobalIDString = 6C645F161FD934F80034A5AC;
			remoteInfo = LMLayout;
		};
		6C645F3C1FD934F80034A5AC /* PBXContainerItemProxy */ = {
			isa = PBXContainerItemProxy;
			containerPortal = 6C645F0F1FD934F80034A5AC /* Project object */;
			proxyType = 1;
			remoteGlobalIDString = 6C645F161FD934F80034A5AC;
			remoteInfo = LMLayout;
		};
/* End PBXContainerItemProxy section */

/* Begin PBXFileReference section */
		6C645F171FD934F80034A5AC /* LMLayout.app */ = {isa = PBXFileReference; explicitFileType = wrapper.application; includeInIndex = 0; path = LMLayout.app; sourceTree = BUILT_PRODUCTS_DIR; };
		6C645F1B1FD934F80034A5AC /* main.m */ = {isa = PBXFileReference; lastKnownFileType = sourcecode.c.objc; path = main.m; sourceTree = "<group>"; };
		6C645F1D1FD934F80034A5AC /* AppDelegate.h */ = {isa = PBXFileReference; lastKnownFileType = sourcecode.c.h; path = AppDelegate.h; sourceTree = "<group>"; };
		6C645F1E1FD934F80034A5AC /* AppDelegate.m */ = {isa = PBXFileReference; lastKnownFileType = sourcecode.c.objc; path = AppDelegate.m; sourceTree = "<group>"; };
		6C645F201FD934F80034A5AC /* ViewController.h */ = {isa = PBXFileReference; lastKnownFileType = sourcecode.c.h; path = ViewController.h; sourceTree = "<group>"; };
		6C645F211FD934F80034A5AC /* ViewController.m */ = {isa = PBXFileReference; lastKnownFileType = sourcecode.c.objc; path = ViewController.m; sourceTree = "<group>"; };
		6C645F241FD934F80034A5AC /* Base */ = {isa = PBXFileReference; lastKnownFileType = file.storyboard; name = Base; path = Base.lproj/Main.storyboard; sourceTree = "<group>"; };
		6C645F261FD934F80034A5AC /* Assets.xcassets */ = {isa = PBXFileReference; lastKnownFileType = folder.assetcatalog; path = Assets.xcassets; sourceTree = "<group>"; };
		6C645F291FD934F80034A5AC /* Base */ = {isa = PBXFileReference; lastKnownFileType = file.storyboard; name = Base; path = Base.lproj/LaunchScreen.storyboard; sourceTree = "<group>"; };
		6C645F2B1FD934F80034A5AC /* Info.plist */ = {isa = PBXFileReference; lastKnownFileType = text.plist.xml; path = Info.plist; sourceTree = "<group>"; };
		6C645F301FD934F80034A5AC /* LMLayoutTests.xctest */ = {isa = PBXFileReference; explicitFileType = wrapper.cfbundle; includeInIndex = 0; path = LMLayoutTests.xctest; sourceTree = BUILT_PRODUCTS_DIR; };
		6C645F341FD934F80034A5AC /* LMLayoutTests.m */ = {isa = PBXFileReference; lastKnownFileType = sourcecode.c.objc; path = LMLayoutTests.m; sourceTree = "<group>"; };
		6C645F361FD934F80034A5AC /* Info.plist */ = {isa = PBXFileReference; lastKnownFileType = text.plist.xml; path = Info.plist; sourceTree = "<group>"; };
		6C645F3B1FD934F80034A5AC /* LMLayoutUITests.xctest */ = {isa = PBXFileReference; explicitFileType = wrapper.cfbundle; includeInIndex = 0; path = LMLayoutUITests.xctest; sourceTree = BUILT_PRODUCTS_DIR; };
		6C645F3F1FD934F80034A5AC /* LMLayoutUITests.m */ = {isa = PBXFileReference; lastKnownFileType = sourcecode.c.objc; path = LMLayoutUITests.m; sourceTree = "<group>"; };
		6C645F411FD934F80034A5AC /* Info.plist */ = {isa = PBXFileReference; lastKnownFileType = text.plist.xml; path = Info.plist; sourceTree = "<group>"; };
		6CDF62E61FDA69E500A8ECB4 /* LMLayout.h */ = {isa = PBXFileReference; fileEncoding = 4; lastKnownFileType = sourcecode.c.h; path = LMLayout.h; sourceTree = "<group>"; };
		6CDF62E71FDA69E500A8ECB4 /* LMLayout.m */ = {isa = PBXFileReference; fileEncoding = 4; lastKnownFileType = sourcecode.c.objc; path = LMLayout.m; sourceTree = "<group>"; };
		6CDF62E81FDA69E500A8ECB4 /* UIView+layout.h */ = {isa = PBXFileReference; fileEncoding = 4; lastKnownFileType = sourcecode.c.h; path = "UIView+layout.h"; sourceTree = "<group>"; };
		6CDF62E91FDA69E500A8ECB4 /* UIView+layout.m */ = {isa = PBXFileReference; fileEncoding = 4; lastKnownFileType = sourcecode.c.objc; path = "UIView+layout.m"; sourceTree = "<group>"; };
/* End PBXFileReference section */

/* Begin PBXFrameworksBuildPhase section */
		6C645F141FD934F80034A5AC /* Frameworks */ = {
			isa = PBXFrameworksBuildPhase;
			buildActionMask = 2147483647;
			files = (
			);
			runOnlyForDeploymentPostprocessing = 0;
		};
		6C645F2D1FD934F80034A5AC /* Frameworks */ = {
			isa = PBXFrameworksBuildPhase;
			buildActionMask = 2147483647;
			files = (
			);
			runOnlyForDeploymentPostprocessing = 0;
		};
		6C645F381FD934F80034A5AC /* Frameworks */ = {
			isa = PBXFrameworksBuildPhase;
			buildActionMask = 2147483647;
			files = (
			);
			runOnlyForDeploymentPostprocessing = 0;
		};
/* End PBXFrameworksBuildPhase section */

/* Begin PBXGroup section */
		6C645F0E1FD934F80034A5AC = {
			isa = PBXGroup;
			children = (
				6C645F191FD934F80034A5AC /* LMLayout */,
				6C645F331FD934F80034A5AC /* LMLayoutTests */,
				6C645F3E1FD934F80034A5AC /* LMLayoutUITests */,
				6C645F181FD934F80034A5AC /* Products */,
			);
			sourceTree = "<group>";
		};
		6C645F181FD934F80034A5AC /* Products */ = {
			isa = PBXGroup;
			children = (
				6C645F171FD934F80034A5AC /* LMLayout.app */,
				6C645F301FD934F80034A5AC /* LMLayoutTests.xctest */,
				6C645F3B1FD934F80034A5AC /* LMLayoutUITests.xctest */,
			);
			name = Products;
			sourceTree = "<group>";
		};
		6C645F191FD934F80034A5AC /* LMLayout */ = {
			isa = PBXGroup;
			children = (
				6CDF62E51FDA69E500A8ECB4 /* LMLayout */,
				6C645F1D1FD934F80034A5AC /* AppDelegate.h */,
				6C645F1E1FD934F80034A5AC /* AppDelegate.m */,
				6C645F201FD934F80034A5AC /* ViewController.h */,
				6C645F211FD934F80034A5AC /* ViewController.m */,
				6C645F231FD934F80034A5AC /* Main.storyboard */,
				6C645F261FD934F80034A5AC /* Assets.xcassets */,
				6C645F281FD934F80034A5AC /* LaunchScreen.storyboard */,
				6C645F2B1FD934F80034A5AC /* Info.plist */,
				6C645F1A1FD934F80034A5AC /* Supporting Files */,
			);
			path = LMLayout;
			sourceTree = "<group>";
		};
		6C645F1A1FD934F80034A5AC /* Supporting Files */ = {
			isa = PBXGroup;
			children = (
				6C645F1B1FD934F80034A5AC /* main.m */,
			);
			name = "Supporting Files";
			sourceTree = "<group>";
		};
		6C645F331FD934F80034A5AC /* LMLayoutTests */ = {
			isa = PBXGroup;
			children = (
				6C645F341FD934F80034A5AC /* LMLayoutTests.m */,
				6C645F361FD934F80034A5AC /* Info.plist */,
			);
			path = LMLayoutTests;
			sourceTree = "<group>";
		};
		6C645F3E1FD934F80034A5AC /* LMLayoutUITests */ = {
			isa = PBXGroup;
			children = (
				6C645F3F1FD934F80034A5AC /* LMLayoutUITests.m */,
				6C645F411FD934F80034A5AC /* Info.plist */,
			);
			path = LMLayoutUITests;
			sourceTree = "<group>";
		};
		6CDF62E51FDA69E500A8ECB4 /* LMLayout */ = {
			isa = PBXGroup;
			children = (
				6CDF62E61FDA69E500A8ECB4 /* LMLayout.h */,
				6CDF62E71FDA69E500A8ECB4 /* LMLayout.m */,
				6CDF62E81FDA69E500A8ECB4 /* UIView+layout.h */,
				6CDF62E91FDA69E500A8ECB4 /* UIView+layout.m */,
			);
			path = LMLayout;
			sourceTree = "<group>";
		};
/* End PBXGroup section */

/* Begin PBXNativeTarget section */
		6C645F161FD934F80034A5AC /* LMLayout */ = {
			isa = PBXNativeTarget;
			buildConfigurationList = 6C645F441FD934F80034A5AC /* Build configuration list for PBXNativeTarget "LMLayout" */;
			buildPhases = (
				6C645F131FD934F80034A5AC /* Sources */,
				6C645F141FD934F80034A5AC /* Frameworks */,
				6C645F151FD934F80034A5AC /* Resources */,
			);
			buildRules = (
			);
			dependencies = (
			);
			name = LMLayout;
			productName = LMLayout;
			productReference = 6C645F171FD934F80034A5AC /* LMLayout.app */;
			productType = "com.apple.product-type.application";
		};
		6C645F2F1FD934F80034A5AC /* LMLayoutTests */ = {
			isa = PBXNativeTarget;
			buildConfigurationList = 6C645F471FD934F80034A5AC /* Build configuration list for PBXNativeTarget "LMLayoutTests" */;
			buildPhases = (
				6C645F2C1FD934F80034A5AC /* Sources */,
				6C645F2D1FD934F80034A5AC /* Frameworks */,
				6C645F2E1FD934F80034A5AC /* Resources */,
			);
			buildRules = (
			);
			dependencies = (
				6C645F321FD934F80034A5AC /* PBXTargetDependency */,
			);
			name = LMLayoutTests;
			productName = LMLayoutTests;
			productReference = 6C645F301FD934F80034A5AC /* LMLayoutTests.xctest */;
			productType = "com.apple.product-type.bundle.unit-test";
		};
		6C645F3A1FD934F80034A5AC /* LMLayoutUITests */ = {
			isa = PBXNativeTarget;
			buildConfigurationList = 6C645F4A1FD934F80034A5AC /* Build configuration list for PBXNativeTarget "LMLayoutUITests" */;
			buildPhases = (
				6C645F371FD934F80034A5AC /* Sources */,
				6C645F381FD934F80034A5AC /* Frameworks */,
				6C645F391FD934F80034A5AC /* Resources */,
			);
			buildRules = (
			);
			dependencies = (
				6C645F3D1FD934F80034A5AC /* PBXTargetDependency */,
			);
			name = LMLayoutUITests;
			productName = LMLayoutUITests;
			productReference = 6C645F3B1FD934F80034A5AC /* LMLayoutUITests.xctest */;
			productType = "com.apple.product-type.bundle.ui-testing";
		};
/* End PBXNativeTarget section */

/* Begin PBXProject section */
		6C645F0F1FD934F80034A5AC /* Project object */ = {
			isa = PBXProject;
			attributes = {
				LastUpgradeCheck = 0830;
				ORGANIZATIONNAME = Lemon;
				TargetAttributes = {
					6C645F161FD934F80034A5AC = {
						CreatedOnToolsVersion = 8.3;
						DevelopmentTeam = DXZ365TQ99;
						ProvisioningStyle = Automatic;
					};
					6C645F2F1FD934F80034A5AC = {
						CreatedOnToolsVersion = 8.3;
						DevelopmentTeam = DXZ365TQ99;
						ProvisioningStyle = Automatic;
						TestTargetID = 6C645F161FD934F80034A5AC;
					};
					6C645F3A1FD934F80034A5AC = {
						CreatedOnToolsVersion = 8.3;
						DevelopmentTeam = DXZ365TQ99;
						ProvisioningStyle = Automatic;
						TestTargetID = 6C645F161FD934F80034A5AC;
					};
				};
			};
			buildConfigurationList = 6C645F121FD934F80034A5AC /* Build configuration list for PBXProject "LMLayout" */;
			compatibilityVersion = "Xcode 3.2";
			developmentRegion = English;
			hasScannedForEncodings = 0;
			knownRegions = (
				en,
				Base,
			);
			mainGroup = 6C645F0E1FD934F80034A5AC;
			productRefGroup = 6C645F181FD934F80034A5AC /* Products */;
			projectDirPath = "";
			projectRoot = "";
			targets = (
				6C645F161FD934F80034A5AC /* LMLayout */,
				6C645F2F1FD934F80034A5AC /* LMLayoutTests */,
				6C645F3A1FD934F80034A5AC /* LMLayoutUITests */,
			);
		};
/* End PBXProject section */

/* Begin PBXResourcesBuildPhase section */
		6C645F151FD934F80034A5AC /* Resources */ = {
			isa = PBXResourcesBuildPhase;
			buildActionMask = 2147483647;
			files = (
				6C645F2A1FD934F80034A5AC /* LaunchScreen.storyboard in Resources */,
				6C645F271FD934F80034A5AC /* Assets.xcassets in Resources */,
				6C645F251FD934F80034A5AC /* Main.storyboard in Resources */,
			);
			runOnlyForDeploymentPostprocessing = 0;
		};
		6C645F2E1FD934F80034A5AC /* Resources */ = {
			isa = PBXResourcesBuildPhase;
			buildActionMask = 2147483647;
			files = (
			);
			runOnlyForDeploymentPostprocessing = 0;
		};
		6C645F391FD934F80034A5AC /* Resources */ = {
			isa = PBXResourcesBuildPhase;
			buildActionMask = 2147483647;
			files = (
			);
			runOnlyForDeploymentPostprocessing = 0;
		};
/* End PBXResourcesBuildPhase section */

/* Begin PBXSourcesBuildPhase section */
		6C645F131FD934F80034A5AC /* Sources */ = {
			isa = PBXSourcesBuildPhase;
			buildActionMask = 2147483647;
			files = (
				6CDF62EA1FDA69E500A8ECB4 /* LMLayout.m in Sources */,
				6CDF62EB1FDA69E500A8ECB4 /* UIView+layout.m in Sources */,
				6C645F221FD934F80034A5AC /* ViewController.m in Sources */,
				6C645F1F1FD934F80034A5AC /* AppDelegate.m in Sources */,
				6C645F1C1FD934F80034A5AC /* main.m in Sources */,
			);
			runOnlyForDeploymentPostprocessing = 0;
		};
		6C645F2C1FD934F80034A5AC /* Sources */ = {
			isa = PBXSourcesBuildPhase;
			buildActionMask = 2147483647;
			files = (
				6C645F351FD934F80034A5AC /* LMLayoutTests.m in Sources */,
			);
			runOnlyForDeploymentPostprocessing = 0;
		};
		6C645F371FD934F80034A5AC /* Sources */ = {
			isa = PBXSourcesBuildPhase;
			buildActionMask = 2147483647;
			files = (
				6C645F401FD934F80034A5AC /* LMLayoutUITests.m in Sources */,
			);
			runOnlyForDeploymentPostprocessing = 0;
		};
/* End PBXSourcesBuildPhase section */

/* Begin PBXTargetDependency section */
		6C645F321FD934F80034A5AC /* PBXTargetDependency */ = {
			isa = PBXTargetDependency;
			target = 6C645F161FD934F80034A5AC /* LMLayout */;
			targetProxy = 6C645F311FD934F80034A5AC /* PBXContainerItemProxy */;
		};
		6C645F3D1FD934F80034A5AC /* PBXTargetDependency */ = {
			isa = PBXTargetDependency;
			target = 6C645F161FD934F80034A5AC /* LMLayout */;
			targetProxy = 6C645F3C1FD934F80034A5AC /* PBXContainerItemProxy */;
		};
/* End PBXTargetDependency section */

/* Begin PBXVariantGroup section */
		6C645F231FD934F80034A5AC /* Main.storyboard */ = {
			isa = PBXVariantGroup;
			children = (
				6C645F241FD934F80034A5AC /* Base */,
			);
			name = Main.storyboard;
			sourceTree = "<group>";
		};
		6C645F281FD934F80034A5AC /* LaunchScreen.storyboard */ = {
			isa = PBXVariantGroup;
			children = (
				6C645F291FD934F80034A5AC /* Base */,
			);
			name = LaunchScreen.storyboard;
			sourceTree = "<group>";
		};
/* End PBXVariantGroup section */

/* Begin XCBuildConfiguration section */
		6C645F421FD934F80034A5AC /* Debug */ = {
			isa = XCBuildConfiguration;
			buildSettings = {
				ALWAYS_SEARCH_USER_PATHS = NO;
				CLANG_ANALYZER_NONNULL = YES;
				CLANG_ANALYZER_NUMBER_OBJECT_CONVERSION = YES_AGGRESSIVE;
				CLANG_CXX_LANGUAGE_STANDARD = "gnu++0x";
				CLANG_CXX_LIBRARY = "libc++";
				CLANG_ENABLE_MODULES = YES;
				CLANG_ENABLE_OBJC_ARC = YES;
				CLANG_WARN_BOOL_CONVERSION = YES;
				CLANG_WARN_CONSTANT_CONVERSION = YES;
				CLANG_WARN_DIRECT_OBJC_ISA_USAGE = YES_ERROR;
				CLANG_WARN_DOCUMENTATION_COMMENTS = YES;
				CLANG_WARN_EMPTY_BODY = YES;
				CLANG_WARN_ENUM_CONVERSION = YES;
				CLANG_WARN_INFINITE_RECURSION = YES;
				CLANG_WARN_INT_CONVERSION = YES;
				CLANG_WARN_OBJC_ROOT_CLASS = YES_ERROR;
				CLANG_WARN_SUSPICIOUS_MOVE = YES;
				CLANG_WARN_UNREACHABLE_CODE = YES;
				CLANG_WARN__DUPLICATE_METHOD_MATCH = YES;
				"CODE_SIGN_IDENTITY[sdk=iphoneos*]" = "iPhone Developer";
				COPY_PHASE_STRIP = NO;
				DEBUG_INFORMATION_FORMAT = dwarf;
				ENABLE_STRICT_OBJC_MSGSEND = YES;
				ENABLE_TESTABILITY = YES;
				GCC_C_LANGUAGE_STANDARD = gnu99;
				GCC_DYNAMIC_NO_PIC = NO;
				GCC_NO_COMMON_BLOCKS = YES;
				GCC_OPTIMIZATION_LEVEL = 0;
				GCC_PREPROCESSOR_DEFINITIONS = (
					"DEBUG=1",
					"$(inherited)",
				);
				GCC_WARN_64_TO_32_BIT_CONVERSION = YES;
				GCC_WARN_ABOUT_RETURN_TYPE = YES_ERROR;
				GCC_WARN_UNDECLARED_SELECTOR = YES;
				GCC_WARN_UNINITIALIZED_AUTOS = YES_AGGRESSIVE;
				GCC_WARN_UNUSED_FUNCTION = YES;
				GCC_WARN_UNUSED_VARIABLE = YES;
				IPHONEOS_DEPLOYMENT_TARGET = 10.3;
				MTL_ENABLE_DEBUG_INFO = YES;
				ONLY_ACTIVE_ARCH = YES;
				SDKROOT = iphoneos;
				TARGETED_DEVICE_FAMILY = "1,2";
			};
			name = Debug;
		};
		6C645F431FD934F80034A5AC /* Release */ = {
			isa = XCBuildConfiguration;
			buildSettings = {
				ALWAYS_SEARCH_USER_PATHS = NO;
				CLANG_ANALYZER_NONNULL = YES;
				CLANG_ANALYZER_NUMBER_OBJECT_CONVERSION = YES_AGGRESSIVE;
				CLANG_CXX_LANGUAGE_STANDARD = "gnu++0x";
				CLANG_CXX_LIBRARY = "libc++";
				CLANG_ENABLE_MODULES = YES;
				CLANG_ENABLE_OBJC_ARC = YES;
				CLANG_WARN_BOOL_CONVERSION = YES;
				CLANG_WARN_CONSTANT_CONVERSION = YES;
				CLANG_WARN_DIRECT_OBJC_ISA_USAGE = YES_ERROR;
				CLANG_WARN_DOCUMENTATION_COMMENTS = YES;
				CLANG_WARN_EMPTY_BODY = YES;
				CLANG_WARN_ENUM_CONVERSION = YES;
				CLANG_WARN_INFINITE_RECURSION = YES;
				CLANG_WARN_INT_CONVERSION = YES;
				CLANG_WARN_OBJC_ROOT_CLASS = YES_ERROR;
				CLANG_WARN_SUSPICIOUS_MOVE = YES;
				CLANG_WARN_UNREACHABLE_CODE = YES;
				CLANG_WARN__DUPLICATE_METHOD_MATCH = YES;
				"CODE_SIGN_IDENTITY[sdk=iphoneos*]" = "iPhone Developer";
				COPY_PHASE_STRIP = NO;
				DEBUG_INFORMATION_FORMAT = "dwarf-with-dsym";
				ENABLE_NS_ASSERTIONS = NO;
				ENABLE_STRICT_OBJC_MSGSEND = YES;
				GCC_C_LANGUAGE_STANDARD = gnu99;
				GCC_NO_COMMON_BLOCKS = YES;
				GCC_WARN_64_TO_32_BIT_CONVERSION = YES;
				GCC_WARN_ABOUT_RETURN_TYPE = YES_ERROR;
				GCC_WARN_UNDECLARED_SELECTOR = YES;
				GCC_WARN_UNINITIALIZED_AUTOS = YES_AGGRESSIVE;
				GCC_WARN_UNUSED_FUNCTION = YES;
				GCC_WARN_UNUSED_VARIABLE = YES;
				IPHONEOS_DEPLOYMENT_TARGET = 10.3;
				MTL_ENABLE_DEBUG_INFO = NO;
				SDKROOT = iphoneos;
				TARGETED_DEVICE_FAMILY = "1,2";
				VALIDATE_PRODUCT = YES;
			};
			name = Release;
		};
		6C645F451FD934F80034A5AC /* Debug */ = {
			isa = XCBuildConfiguration;
			buildSettings = {
				ASSETCATALOG_COMPILER_APPICON_NAME = AppIcon;
				DEVELOPMENT_TEAM = DXZ365TQ99;
				INFOPLIST_FILE = LMLayout/Info.plist;
				LD_RUNPATH_SEARCH_PATHS = "$(inherited) @executable_path/Frameworks";
				PRODUCT_BUNDLE_IDENTIFIER = com.Lemon.LMLayout;
				PRODUCT_NAME = "$(TARGET_NAME)";
			};
			name = Debug;
		};
		6C645F461FD934F80034A5AC /* Release */ = {
			isa = XCBuildConfiguration;
			buildSettings = {
				ASSETCATALOG_COMPILER_APPICON_NAME = AppIcon;
				DEVELOPMENT_TEAM = DXZ365TQ99;
				INFOPLIST_FILE = LMLayout/Info.plist;
				LD_RUNPATH_SEARCH_PATHS = "$(inherited) @executable_path/Frameworks";
				PRODUCT_BUNDLE_IDENTIFIER = com.Lemon.LMLayout;
				PRODUCT_NAME = "$(TARGET_NAME)";
			};
			name = Release;
		};
		6C645F481FD934F80034A5AC /* Debug */ = {
			isa = XCBuildConfiguration;
			buildSettings = {
				BUNDLE_LOADER = "$(TEST_HOST)";
				DEVELOPMENT_TEAM = DXZ365TQ99;
				INFOPLIST_FILE = LMLayoutTests/Info.plist;
				LD_RUNPATH_SEARCH_PATHS = "$(inherited) @executable_path/Frameworks @loader_path/Frameworks";
				PRODUCT_BUNDLE_IDENTIFIER = com.Lemon.LMLayoutTests;
				PRODUCT_NAME = "$(TARGET_NAME)";
				TEST_HOST = "$(BUILT_PRODUCTS_DIR)/LMLayout.app/LMLayout";
			};
			name = Debug;
		};
		6C645F491FD934F80034A5AC /* Release */ = {
			isa = XCBuildConfiguration;
			buildSettings = {
				BUNDLE_LOADER = "$(TEST_HOST)";
				DEVELOPMENT_TEAM = DXZ365TQ99;
				INFOPLIST_FILE = LMLayoutTests/Info.plist;
				LD_RUNPATH_SEARCH_PATHS = "$(inherited) @executable_path/Frameworks @loader_path/Frameworks";
				PRODUCT_BUNDLE_IDENTIFIER = com.Lemon.LMLayoutTests;
				PRODUCT_NAME = "$(TARGET_NAME)";
				TEST_HOST = "$(BUILT_PRODUCTS_DIR)/LMLayout.app/LMLayout";
			};
			name = Release;
		};
		6C645F4B1FD934F80034A5AC /* Debug */ = {
			isa = XCBuildConfiguration;
			buildSettings = {
				DEVELOPMENT_TEAM = DXZ365TQ99;
				INFOPLIST_FILE = LMLayoutUITests/Info.plist;
				LD_RUNPATH_SEARCH_PATHS = "$(inherited) @executable_path/Frameworks @loader_path/Frameworks";
				PRODUCT_BUNDLE_IDENTIFIER = com.Lemon.LMLayoutUITests;
				PRODUCT_NAME = "$(TARGET_NAME)";
				TEST_TARGET_NAME = LMLayout;
			};
			name = Debug;
		};
		6C645F4C1FD934F80034A5AC /* Release */ = {
			isa = XCBuildConfiguration;
			buildSettings = {
				DEVELOPMENT_TEAM = DXZ365TQ99;
				INFOPLIST_FILE = LMLayoutUITests/Info.plist;
				LD_RUNPATH_SEARCH_PATHS = "$(inherited) @executable_path/Frameworks @loader_path/Frameworks";
				PRODUCT_BUNDLE_IDENTIFIER = com.Lemon.LMLayoutUITests;
				PRODUCT_NAME = "$(TARGET_NAME)";
				TEST_TARGET_NAME = LMLayout;
			};
			name = Release;
		};
/* End XCBuildConfiguration section */

/* Begin XCConfigurationList section */
		6C645F121FD934F80034A5AC /* Build configuration list for PBXProject "LMLayout" */ = {
			isa = XCConfigurationList;
			buildConfigurations = (
				6C645F421FD934F80034A5AC /* Debug */,
				6C645F431FD934F80034A5AC /* Release */,
			);
			defaultConfigurationIsVisible = 0;
			defaultConfigurationName = Release;
		};
		6C645F441FD934F80034A5AC /* Build configuration list for PBXNativeTarget "LMLayout" */ = {
			isa = XCConfigurationList;
			buildConfigurations = (
				6C645F451FD934F80034A5AC /* Debug */,
				6C645F461FD934F80034A5AC /* Release */,
			);
			defaultConfigurationIsVisible = 0;
			defaultConfigurationName = Release;
		};
		6C645F471FD934F80034A5AC /* Build configuration list for PBXNativeTarget "LMLayoutTests" */ = {
			isa = XCConfigurationList;
			buildConfigurations = (
				6C645F481FD934F80034A5AC /* Debug */,
				6C645F491FD934F80034A5AC /* Release */,
			);
			defaultConfigurationIsVisible = 0;
			defaultConfigurationName = Release;
		};
		6C645F4A1FD934F80034A5AC /* Build configuration list for PBXNativeTarget "LMLayoutUITests" */ = {
			isa = XCConfigurationList;
			buildConfigurations = (
				6C645F4B1FD934F80034A5AC /* Debug */,
				6C645F4C1FD934F80034A5AC /* Release */,
			);
			defaultConfigurationIsVisible = 0;
			defaultConfigurationName = Release;
		};
/* End XCConfigurationList section */
	};
	rootObject = 6C645F0F1FD934F80034A5AC /* Project object */;
}
